{
  "name": "example",
  "version": "1.0.0",
  "lockfileVersion": 2,
  "requires": true,
  "packages": {
    "": {
      "name": "example",
      "version": "1.0.0",
      "license": "ISC",
      "dependencies": {
        "libs": "^0.1.2",
        "three": "^0.149.0"
      }
    },
    "node_modules/dateformat": {
      "version": "1.0.2-1.2.3",
      "resolved": "https://registry.npmjs.org/dateformat/-/dateformat-1.0.2-1.2.3.tgz",
      "integrity": "sha512-AXvW8g7tO4ilk5HgOWeDmPi/ZPaCnMJ+9Cg1I3p19w6mcvAAXBuuGEXAxybC+Djj1PSZUiHUcyoYu7WneCX8gQ==",
      "engines": {
        "node": "*"
      }
    },
    "node_modules/libs": {
      "version": "0.1.2",
      "resolved": "https://registry.npmjs.org/libs/-/libs-0.1.2.tgz",
      "integrity": "sha512-Ta4F048KEHj1duFoiK7BCmysrOgGhWe3Z2VdioaUT3zn4eGmk5qnwmxxDY6B+tvRUXHs5wxUwk0dceVp6i6oTg==",
      "dependencies": {
        "dateformat": "1.0.2-1.2.3"
      }
    },
    "node_modules/three": {
      "version": "0.149.0",
      "resolved": "https://registry.npmjs.org/three/-/three-0.149.0.tgz",
      "integrity": "sha512-tohpUxPDht0qExRLDTM8sjRLc5d9STURNrdnK3w9A+V4pxaTBfKWWT/IqtiLfg23Vfc3Z+ImNfvRw1/0CtxrkQ=="
    }
  },
  "dependencies": {
    "dateformat": {
      "version": "1.0.2-1.2.3",
      "resolved": "https://registry.npmjs.org/dateformat/-/dateformat-1.0.2-1.2.3.tgz",
      "integrity": "sha512-AXvW8g7tO4ilk5HgOWeDmPi/ZPaCnMJ+9Cg1I3p19w6mcvAAXBuuGEXAxybC+Djj1PSZUiHUcyoYu7WneCX8gQ=="
    },
    "libs": {
      "version": "0.1.2",
      "resolved": "https://registry.npmjs.org/libs/-/libs-0.1.2.tgz",
      "integrity": "sha512-Ta4F048KEHj1duFoiK7BCmysrOgGhWe3Z2VdioaUT3zn4eGmk5qnwmxxDY6B+tvRUXHs5wxUwk0dceVp6i6oTg==",
      "requires": {
        "dateformat": "1.0.2-1.2.3"
      }
    },
    "three": {
      "version": "0.149.0",
      "resolved": "https://registry.npmjs.org/three/-/three-0.149.0.tgz",
      "integrity": "sha512-tohpUxPDht0qExRLDTM8sjRLc5d9STURNrdnK3w9A+V4pxaTBfKWWT/IqtiLfg23Vfc3Z+ImNfvRw1/0CtxrkQ=="
    }
  }
}
